
Microsoft Visual Studio Solution File, Format Version 12.00
# Visual Studio Version 17
VisualStudioVersion = 17.14.36518.9 d17.14
MinimumVisualStudioVersion = 10.0.40219.1
Project("{FAE04EC0-301F-11D3-BF4B-00C04F79EFBC}") = "ApiNexo", "ApiNexo\ApiNexo.csproj", "{B0169114-7A10-481B-B318-E609743E76E5}"
EndProject
Project("{FAE04EC0-301F-11D3-BF4B-00C04F79EFBC}") = "ApiNexo.Models", "ApiNexo.Models\ApiNexo.Models.csproj", "{81F2454F-D637-4F7D-AA31-3B2C35B2ECEF}"
EndProject
Project("{FAE04EC0-301F-11D3-BF4B-00C04F79EFBC}") = "ApiNexo.Repository", "ApiNexo.Repository\ApiNexo.Repository.csproj", "{5AB96986-9CF9-4204-A243-295A71539701}"
EndProject
Global
	GlobalSection(SolutionConfigurationPlatforms) = preSolution
		Debug|Any CPU = Debug|Any CPU
		Release|Any CPU = Release|Any CPU
	EndGlobalSection
	GlobalSection(ProjectConfigurationPlatforms) = postSolution
		{B0169114-7A10-481B-B318-E609743E76E5}.Debug|Any CPU.ActiveCfg = Debug|Any CPU
		{B0169114-7A10-481B-B318-E609743E76E5}.Debug|Any CPU.Build.0 = Debug|Any CPU
		{B0169114-7A10-481B-B318-E609743E76E5}.Release|Any CPU.ActiveCfg = Release|Any CPU
		{B0169114-7A10-481B-B318-E609743E76E5}.Release|Any CPU.Build.0 = Release|Any CPU
		{81F2454F-D637-4F7D-AA31-3B2C35B2ECEF}.Debug|Any CPU.ActiveCfg = Debug|Any CPU
		{81F2454F-D637-4F7D-AA31-3B2C35B2ECEF}.Debug|Any CPU.Build.0 = Debug|Any CPU
		{81F2454F-D637-4F7D-AA31-3B2C35B2ECEF}.Release|Any CPU.ActiveCfg = Release|Any CPU
		{81F2454F-D637-4F7D-AA31-3B2C35B2ECEF}.Release|Any CPU.Build.0 = Release|Any CPU
		{5AB96986-9CF9-4204-A243-295A71539701}.Debug|Any CPU.ActiveCfg = Debug|Any CPU
		{5AB96986-9CF9-4204-A243-295A71539701}.Debug|Any CPU.Build.0 = Debug|Any CPU
		{5AB96986-9CF9-4204-A243-295A71539701}.Release|Any CPU.ActiveCfg = Release|Any CPU
		{5AB96986-9CF9-4204-A243-295A71539701}.Release|Any CPU.Build.0 = Release|Any CPU
	EndGlobalSection
	GlobalSection(SolutionProperties) = preSolution
		HideSolutionNode = FALSE
	EndGlobalSection
	GlobalSection(ExtensibilityGlobals) = postSolution
		SolutionGuid = {58F3973C-11AD-4AF8-9A6B-AAA5A4C91C42}
	EndGlobalSection
EndGlobal
